
Microsoft Visual Studio Solution File, Format Version 12.00
# Visual Studio 15
VisualStudioVersion = 15.0.27130.2036
MinimumVisualStudioVersion = 10.0.40219.1
Project("{FAE04EC0-301F-11D3-BF4B-00C04F79EFBC}") = "ProjectMovieThisIsIt", "ProjectMovieThisIsIt\ProjectMovieThisIsIt.csproj", "{D1A4DE86-13E5-4E42-AC61-79F5E23EA1CC}"
EndProject
Project("{FAE04EC0-301F-11D3-BF4B-00C04F79EFBC}") = "UnitTestMovie", "UnitTestMovie\UnitTestMovie.csproj", "{B0163E5D-84CF-4730-9EDC-B87896665452}"
EndProject
Global
	GlobalSection(SolutionConfigurationPlatforms) = preSolution
		Debug|Any CPU = Debug|Any CPU
		Release|Any CPU = Release|Any CPU
	EndGlobalSection
	GlobalSection(ProjectConfigurationPlatforms) = postSolution
		{D1A4DE86-13E5-4E42-AC61-79F5E23EA1CC}.Debug|Any CPU.ActiveCfg = Debug|Any CPU
		{D1A4DE86-13E5-4E42-AC61-79F5E23EA1CC}.Debug|Any CPU.Build.0 = Debug|Any CPU
		{D1A4DE86-13E5-4E42-AC61-79F5E23EA1CC}.Release|Any CPU.ActiveCfg = Release|Any CPU
		{D1A4DE86-13E5-4E42-AC61-79F5E23EA1CC}.Release|Any CPU.Build.0 = Release|Any CPU
		{B0163E5D-84CF-4730-9EDC-B87896665452}.Debug|Any CPU.ActiveCfg = Debug|Any CPU
		{B0163E5D-84CF-4730-9EDC-B87896665452}.Debug|Any CPU.Build.0 = Debug|Any CPU
		{B0163E5D-84CF-4730-9EDC-B87896665452}.Release|Any CPU.ActiveCfg = Release|Any CPU
		{B0163E5D-84CF-4730-9EDC-B87896665452}.Release|Any CPU.Build.0 = Release|Any CPU
	EndGlobalSection
	GlobalSection(SolutionProperties) = preSolution
		HideSolutionNode = FALSE
	EndGlobalSection
	GlobalSection(ExtensibilityGlobals) = postSolution
		SolutionGuid = {8A6B2D4F-FED8-4627-914B-95C8B35550E8}
	EndGlobalSection
EndGlobal
